<?xml version="1.0" encoding="utf-8"?>
<Project ToolsVersion="4.0" xmlns="http://schemas.microsoft.com/developer/msbuild/2003">
  <ItemGroup>
    <Filter Include="Source Files">
      <UniqueIdentifier>{4FC737F1-C7A5-4376-A066-2A32D752A2FF}</UniqueIdentifier>
      <Extensions>cpp;c;cc;cxx;c++;cppm;ixx;def;odl;idl;hpj;bat;asm;asmx</Extensions>
    </Filter>
    <Filter Include="Header Files">
      <UniqueIdentifier>{93995380-89BD-4b04-88EB-625FBE52EBFB}</UniqueIdentifier>
      <Extensions>h;hh;hpp;hxx;h++;hm;inl;inc;ipp;xsd</Extensions>
    </Filter>
    <Filter Include="Resource Files">
      <UniqueIdentifier>{67DA6AB6-F800-4c08-8B7A-83BB121AAD01}</UniqueIdentifier>
      <Extensions>rc;ico;cur;bmp;dlg;rc2;rct;bin;rgs;gif;jpg;jpeg;jpe;resx;tiff;tif;png;wav;mfcribbon-ms</Extensions>
    </Filter>
    <Filter Include="MidiFile">
      <UniqueIdentifier>{091ca3c2-5f6e-4454-96d8-5d4e2301997d}</UniqueIdentifier>
    </Filter>
  </ItemGroup>
  <ItemGroup>
    <ClCompile Include="main.cpp">
      <Filter>Source Files</Filter>
    </ClCompile>
    <ClCompile Include="WriteToWav.cpp">
      <Filter>Source Files</Filter>
    </ClCompile>
    <ClCompile Include="Envelopes.cpp">
      <Filter>Source Files</Filter>
    </ClCompile>
    <ClCompile Include="Instrument.cpp">
      <Filter>Source Files</Filter>
    </ClCompile>
    <ClCompile Include="Oscillator.cpp">
      <Filter>Source Files</Filter>
    </ClCompile>
    <ClCompile Include="MarkovChain.cpp">
      <Filter>Source Files</Filter>
    </ClCompile>
    <ClCompile Include="SoundGenerator.cpp">
      <Filter>Source Files</Filter>
    </ClCompile>
    <ClCompile Include="MidiParser.cpp">
      <Filter>Source Files</Filter>
    </ClCompile>
    <ClCompile Include="MidiFile\MidiFile.cpp">
      <Filter>MidiFile</Filter>
    </ClCompile>
    <ClCompile Include="MidiFile\MidiEventList.cpp">
      <Filter>MidiFile</Filter>
    </ClCompile>
    <ClCompile Include="MidiFile\MidiEvent.cpp">
      <Filter>MidiFile</Filter>
    </ClCompile>
    <ClCompile Include="MidiFile\MidiMessage.cpp">
      <Filter>MidiFile</Filter>
    </ClCompile>
    <ClCompile Include="MidiFile\Binasc.cpp">
      <Filter>MidiFile</Filter>
    </ClCompile>
    <ClCompile Include="FourierTransformation.cpp">
      <Filter>Source Files</Filter>
    </ClCompile>
    <ClCompile Include="Timer.cpp">
      <Filter>Source Files</Filter>
    </ClCompile>
    <ClCompile Include="Vector.cpp">
      <Filter>Source Files</Filter>
    </ClCompile>
    <ClCompile Include="InstrumentSerialser.cpp">
      <Filter>Source Files</Filter>
    </ClCompile>
  </ItemGroup>
  <ItemGroup>
    <ClInclude Include="WriteToWav.h">
      <Filter>Header Files</Filter>
    </ClInclude>
    <ClInclude Include="Envelopes.h">
      <Filter>Header Files</Filter>
    </ClInclude>
    <ClInclude Include="Instrument.h">
      <Filter>Header Files</Filter>
    </ClInclude>
    <ClInclude Include="Oscillator.h">
      <Filter>Header Files</Filter>
    </ClInclude>
    <ClInclude Include="MarkovChain.h">
      <Filter>Header Files</Filter>
    </ClInclude>
    <ClInclude Include="MarkovConsts.h">
      <Filter>Header Files</Filter>
    </ClInclude>
    <ClInclude Include="SoundGenerator.h">
      <Filter>Header Files</Filter>
    </ClInclude>
    <ClInclude Include="MidiParser.h">
      <Filter>Header Files</Filter>
    </ClInclude>
    <ClInclude Include="MidiFile\MidiFile.h">
      <Filter>MidiFile</Filter>
    </ClInclude>
    <ClInclude Include="MidiFile\MidiMessage.h">
      <Filter>MidiFile</Filter>
    </ClInclude>
    <ClInclude Include="MidiFile\MidiEventList.h">
      <Filter>MidiFile</Filter>
    </ClInclude>
    <ClInclude Include="MidiFile\MidiEvent.h">
      <Filter>MidiFile</Filter>
    </ClInclude>
    <ClInclude Include="MidiFile\Binasc.h">
      <Filter>MidiFile</Filter>
    </ClInclude>
    <ClInclude Include="FourierTransformation.h">
      <Filter>Header Files</Filter>
    </ClInclude>
    <ClInclude Include="Timer.h">
      <Filter>Header Files</Filter>
    </ClInclude>
    <ClInclude Include="Vector.h">
      <Filter>Header Files</Filter>
    </ClInclude>
    <ClInclude Include="InstrumentSerialser.h">
      <Filter>Header Files</Filter>
    </ClInclude>
  </ItemGroup>
  <ItemGroup>
    <None Include="packages.config" />
  </ItemGroup>
</Project>